
Microsoft Visual Studio Solution File, Format Version 12.00
# Visual Studio Version 17
VisualStudioVersion = 17.6.33417.168
MinimumVisualStudioVersion = 10.0.40219.1
Project("{FAE04EC0-301F-11D3-BF4B-00C04F79EFBC}") = "EducationalPlatform", "EducationalPlatform.csproj", "{35204118-D7CA-4C3C-8D60-65A46CDA23DA}"
EndProject
Global
	GlobalSection(SolutionConfigurationPlatforms) = preSolution
		Debug|Any CPU = Debug|Any CPU
		Release|Any CPU = Release|Any CPU
	EndGlobalSection
	GlobalSection(ProjectConfigurationPlatforms) = postSolution
		{35204118-D7CA-4C3C-8D60-65A46CDA23DA}.Debug|Any CPU.ActiveCfg = Debug|Any CPU
		{35204118-D7CA-4C3C-8D60-65A46CDA23DA}.Debug|Any CPU.Build.0 = Debug|Any CPU
		{35204118-D7CA-4C3C-8D60-65A46CDA23DA}.Release|Any CPU.ActiveCfg = Release|Any CPU
		{35204118-D7CA-4C3C-8D60-65A46CDA23DA}.Release|Any CPU.Build.0 = Release|Any CPU
	EndGlobalSection
	GlobalSection(SolutionProperties) = preSolution
		HideSolutionNode = FALSE
	EndGlobalSection
	GlobalSection(ExtensibilityGlobals) = postSolution
		SolutionGuid = {75A0C0FC-DB34-420E-BB8A-ADF70A71C3DB}
	EndGlobalSection
EndGlobal
